// !$*UTF8*$!
{
	archiveVersion = 1;
	classes = {
	};
	objectVersion = 50;
	objects = {

/* Begin PBXBuildFile section */
		FD156B6C26B5C30600F8D192 /* iPod_Classic_PlayerApp.swift in Sources */ = {isa = PBXBuildFile; fileRef = FD156B6B26B5C30600F8D192 /* iPod_Classic_PlayerApp.swift */; };
		FD156B6E26B5C30600F8D192 /* ContentView.swift in Sources */ = {isa = PBXBuildFile; fileRef = FD156B6D26B5C30600F8D192 /* ContentView.swift */; };
		FD156B7026B5C30800F8D192 /* Assets.xcassets in Resources */ = {isa = PBXBuildFile; fileRef = FD156B6F26B5C30800F8D192 /* Assets.xcassets */; };
		FD156B7326B5C30800F8D192 /* Preview Assets.xcassets in Resources */ = {isa = PBXBuildFile; fileRef = FD156B7226B5C30800F8D192 /* Preview Assets.xcassets */; };
		FD156B7D26B5C37F00F8D192 /* MenuItem.swift in Sources */ = {isa = PBXBuildFile; fileRef = FD156B7C26B5C37F00F8D192 /* MenuItem.swift */; };
		FD156B7F26B5C3B200F8D192 /* Model.swift in Sources */ = {isa = PBXBuildFile; fileRef = FD156B7E26B5C3B200F8D192 /* Model.swift */; };
		FD156B8126B5C3D400F8D192 /* DisplayView.swift in Sources */ = {isa = PBXBuildFile; fileRef = FD156B8026B5C3D400F8D192 /* DisplayView.swift */; };
		FD156B8326B5C3DF00F8D192 /* WheelView.swift in Sources */ = {isa = PBXBuildFile; fileRef = FD156B8226B5C3DF00F8D192 /* WheelView.swift */; };
		FD156B8526B5C58400F8D192 /* MenuItemView.swift in Sources */ = {isa = PBXBuildFile; fileRef = FD156B8426B5C58400F8D192 /* MenuItemView.swift */; };
		FD156B8726B5C86E00F8D192 /* HeaderView.swift in Sources */ = {isa = PBXBuildFile; fileRef = FD156B8626B5C86E00F8D192 /* HeaderView.swift */; };
		FD156B8926B5CB0900F8D192 /* ViewModel.swift in Sources */ = {isa = PBXBuildFile; fileRef = FD156B8826B5CB0900F8D192 /* ViewModel.swift */; };
		FD156B8B26B67EAA00F8D192 /* ViewConstants.swift in Sources */ = {isa = PBXBuildFile; fileRef = FD156B8A26B67EAA00F8D192 /* ViewConstants.swift */; };
/* End PBXBuildFile section */

/* Begin PBXFileReference section */
		FD156B6826B5C30600F8D192 /* iPod Classic Player.app */ = {isa = PBXFileReference; explicitFileType = wrapper.application; includeInIndex = 0; path = "iPod Classic Player.app"; sourceTree = BUILT_PRODUCTS_DIR; };
		FD156B6B26B5C30600F8D192 /* iPod_Classic_PlayerApp.swift */ = {isa = PBXFileReference; lastKnownFileType = sourcecode.swift; path = iPod_Classic_PlayerApp.swift; sourceTree = "<group>"; };
		FD156B6D26B5C30600F8D192 /* ContentView.swift */ = {isa = PBXFileReference; lastKnownFileType = sourcecode.swift; path = ContentView.swift; sourceTree = "<group>"; };
		FD156B6F26B5C30800F8D192 /* Assets.xcassets */ = {isa = PBXFileReference; lastKnownFileType = folder.assetcatalog; path = Assets.xcassets; sourceTree = "<group>"; };
		FD156B7226B5C30800F8D192 /* Preview Assets.xcassets */ = {isa = PBXFileReference; lastKnownFileType = folder.assetcatalog; path = "Preview Assets.xcassets"; sourceTree = "<group>"; };
		FD156B7426B5C30800F8D192 /* Info.plist */ = {isa = PBXFileReference; lastKnownFileType = text.plist.xml; path = Info.plist; sourceTree = "<group>"; };
		FD156B7C26B5C37F00F8D192 /* MenuItem.swift */ = {isa = PBXFileReference; lastKnownFileType = sourcecode.swift; path = MenuItem.swift; sourceTree = "<group>"; };
		FD156B7E26B5C3B200F8D192 /* Model.swift */ = {isa = PBXFileReference; lastKnownFileType = sourcecode.swift; path = Model.swift; sourceTree = "<group>"; };
		FD156B8026B5C3D400F8D192 /* DisplayView.swift */ = {isa = PBXFileReference; lastKnownFileType = sourcecode.swift; path = DisplayView.swift; sourceTree = "<group>"; };
		FD156B8226B5C3DF00F8D192 /* WheelView.swift */ = {isa = PBXFileReference; lastKnownFileType = sourcecode.swift; path = WheelView.swift; sourceTree = "<group>"; };
		FD156B8426B5C58400F8D192 /* MenuItemView.swift */ = {isa = PBXFileReference; lastKnownFileType = sourcecode.swift; path = MenuItemView.swift; sourceTree = "<group>"; };
		FD156B8626B5C86E00F8D192 /* HeaderView.swift */ = {isa = PBXFileReference; lastKnownFileType = sourcecode.swift; path = HeaderView.swift; sourceTree = "<group>"; };
		FD156B8826B5CB0900F8D192 /* ViewModel.swift */ = {isa = PBXFileReference; lastKnownFileType = sourcecode.swift; path = ViewModel.swift; sourceTree = "<group>"; };
		FD156B8A26B67EAA00F8D192 /* ViewConstants.swift */ = {isa = PBXFileReference; lastKnownFileType = sourcecode.swift; path = ViewConstants.swift; sourceTree = "<group>"; };
/* End PBXFileReference section */

/* Begin PBXFrameworksBuildPhase section */
		FD156B6526B5C30600F8D192 /* Frameworks */ = {
			isa = PBXFrameworksBuildPhase;
			buildActionMask = 2147483647;
			files = (
			);
			runOnlyForDeploymentPostprocessing = 0;
		};
/* End PBXFrameworksBuildPhase section */

/* Begin PBXGroup section */
		FD156B5F26B5C30600F8D192 = {
			isa = PBXGroup;
			children = (
				FD156B6A26B5C30600F8D192 /* iPod Classic Player */,
				FD156B6926B5C30600F8D192 /* Products */,
			);
			sourceTree = "<group>";
		};
		FD156B6926B5C30600F8D192 /* Products */ = {
			isa = PBXGroup;
			children = (
				FD156B6826B5C30600F8D192 /* iPod Classic Player.app */,
			);
			name = Products;
			sourceTree = "<group>";
		};
		FD156B6A26B5C30600F8D192 /* iPod Classic Player */ = {
			isa = PBXGroup;
			children = (
				FD156B7A26B5C36200F8D192 /* View */,
				FD156B7B26B5C36A00F8D192 /* Model */,
				FD156B6B26B5C30600F8D192 /* iPod_Classic_PlayerApp.swift */,
				FD156B6D26B5C30600F8D192 /* ContentView.swift */,
				FD156B6F26B5C30800F8D192 /* Assets.xcassets */,
				FD156B7426B5C30800F8D192 /* Info.plist */,
				FD156B7126B5C30800F8D192 /* Preview Content */,
			);
			path = "iPod Classic Player";
			sourceTree = "<group>";
		};
		FD156B7126B5C30800F8D192 /* Preview Content */ = {
			isa = PBXGroup;
			children = (
				FD156B7226B5C30800F8D192 /* Preview Assets.xcassets */,
			);
			path = "Preview Content";
			sourceTree = "<group>";
		};
		FD156B7A26B5C36200F8D192 /* View */ = {
			isa = PBXGroup;
			children = (
				FD156B8026B5C3D400F8D192 /* DisplayView.swift */,
				FD156B8226B5C3DF00F8D192 /* WheelView.swift */,
				FD156B8426B5C58400F8D192 /* MenuItemView.swift */,
				FD156B8626B5C86E00F8D192 /* HeaderView.swift */,
				FD156B8A26B67EAA00F8D192 /* ViewConstants.swift */,
			);
			path = View;
			sourceTree = "<group>";
		};
		FD156B7B26B5C36A00F8D192 /* Model */ = {
			isa = PBXGroup;
			children = (
				FD156B7C26B5C37F00F8D192 /* MenuItem.swift */,
				FD156B7E26B5C3B200F8D192 /* Model.swift */,
				FD156B8826B5CB0900F8D192 /* ViewModel.swift */,
			);
			path = Model;
			sourceTree = "<group>";
		};
/* End PBXGroup section */

/* Begin PBXNativeTarget section */
		FD156B6726B5C30600F8D192 /* iPod Classic Player */ = {
			isa = PBXNativeTarget;
			buildConfigurationList = FD156B7726B5C30800F8D192 /* Build configuration list for PBXNativeTarget "iPod Classic Player" */;
			buildPhases = (
				FD156B6426B5C30600F8D192 /* Sources */,
				FD156B6526B5C30600F8D192 /* Frameworks */,
				FD156B6626B5C30600F8D192 /* Resources */,
			);
			buildRules = (
			);
			dependencies = (
			);
			name = "iPod Classic Player";
			productName = "iPod Classic Player";
			productReference = FD156B6826B5C30600F8D192 /* iPod Classic Player.app */;
			productType = "com.apple.product-type.application";
		};
/* End PBXNativeTarget section */

/* Begin PBXProject section */
		FD156B6026B5C30600F8D192 /* Project object */ = {
			isa = PBXProject;
			attributes = {
				LastSwiftUpdateCheck = 1250;
				LastUpgradeCheck = 1250;
				TargetAttributes = {
					FD156B6726B5C30600F8D192 = {
						CreatedOnToolsVersion = 12.5.1;
					};
				};
			};
			buildConfigurationList = FD156B6326B5C30600F8D192 /* Build configuration list for PBXProject "iPod Classic Player" */;
			compatibilityVersion = "Xcode 9.3";
			developmentRegion = en;
			hasScannedForEncodings = 0;
			knownRegions = (
				en,
				Base,
			);
			mainGroup = FD156B5F26B5C30600F8D192;
			productRefGroup = FD156B6926B5C30600F8D192 /* Products */;
			projectDirPath = "";
			projectRoot = "";
			targets = (
				FD156B6726B5C30600F8D192 /* iPod Classic Player */,
			);
		};
/* End PBXProject section */

/* Begin PBXResourcesBuildPhase section */
		FD156B6626B5C30600F8D192 /* Resources */ = {
			isa = PBXResourcesBuildPhase;
			buildActionMask = 2147483647;
			files = (
				FD156B7326B5C30800F8D192 /* Preview Assets.xcassets in Resources */,
				FD156B7026B5C30800F8D192 /* Assets.xcassets in Resources */,
			);
			runOnlyForDeploymentPostprocessing = 0;
		};
/* End PBXResourcesBuildPhase section */

/* Begin PBXSourcesBuildPhase section */
		FD156B6426B5C30600F8D192 /* Sources */ = {
			isa = PBXSourcesBuildPhase;
			buildActionMask = 2147483647;
			files = (
				FD156B8B26B67EAA00F8D192 /* ViewConstants.swift in Sources */,
				FD156B8326B5C3DF00F8D192 /* WheelView.swift in Sources */,
				FD156B8926B5CB0900F8D192 /* ViewModel.swift in Sources */,
				FD156B7D26B5C37F00F8D192 /* MenuItem.swift in Sources */,
				FD156B6E26B5C30600F8D192 /* ContentView.swift in Sources */,
				FD156B6C26B5C30600F8D192 /* iPod_Classic_PlayerApp.swift in Sources */,
				FD156B8526B5C58400F8D192 /* MenuItemView.swift in Sources */,
				FD156B8126B5C3D400F8D192 /* DisplayView.swift in Sources */,
				FD156B7F26B5C3B200F8D192 /* Model.swift in Sources */,
				FD156B8726B5C86E00F8D192 /* HeaderView.swift in Sources */,
			);
			runOnlyForDeploymentPostprocessing = 0;
		};
/* End PBXSourcesBuildPhase section */

/* Begin XCBuildConfiguration section */
		FD156B7526B5C30800F8D192 /* Debug */ = {
			isa = XCBuildConfiguration;
			buildSettings = {
				ALWAYS_SEARCH_USER_PATHS = NO;
				CLANG_ANALYZER_NONNULL = YES;
				CLANG_ANALYZER_NUMBER_OBJECT_CONVERSION = YES_AGGRESSIVE;
				CLANG_CXX_LANGUAGE_STANDARD = "gnu++14";
				CLANG_CXX_LIBRARY = "libc++";
				CLANG_ENABLE_MODULES = YES;
				CLANG_ENABLE_OBJC_ARC = YES;
				CLANG_ENABLE_OBJC_WEAK = YES;
				CLANG_WARN_BLOCK_CAPTURE_AUTORELEASING = YES;
				CLANG_WARN_BOOL_CONVERSION = YES;
				CLANG_WARN_COMMA = YES;
				CLANG_WARN_CONSTANT_CONVERSION = YES;
				CLANG_WARN_DEPRECATED_OBJC_IMPLEMENTATIONS = YES;
				CLANG_WARN_DIRECT_OBJC_ISA_USAGE = YES_ERROR;
				CLANG_WARN_DOCUMENTATION_COMMENTS = YES;
				CLANG_WARN_EMPTY_BODY = YES;
				CLANG_WARN_ENUM_CONVERSION = YES;
				CLANG_WARN_INFINITE_RECURSION = YES;
				CLANG_WARN_INT_CONVERSION = YES;
				CLANG_WARN_NON_LITERAL_NULL_CONVERSION = YES;
				CLANG_WARN_OBJC_IMPLICIT_RETAIN_SELF = YES;
				CLANG_WARN_OBJC_LITERAL_CONVERSION = YES;
				CLANG_WARN_OBJC_ROOT_CLASS = YES_ERROR;
				CLANG_WARN_QUOTED_INCLUDE_IN_FRAMEWORK_HEADER = YES;
				CLANG_WARN_RANGE_LOOP_ANALYSIS = YES;
				CLANG_WARN_STRICT_PROTOTYPES = YES;
				CLANG_WARN_SUSPICIOUS_MOVE = YES;
				CLANG_WARN_UNGUARDED_AVAILABILITY = YES_AGGRESSIVE;
				CLANG_WARN_UNREACHABLE_CODE = YES;
				CLANG_WARN__DUPLICATE_METHOD_MATCH = YES;
				COPY_PHASE_STRIP = NO;
				DEBUG_INFORMATION_FORMAT = dwarf;
				ENABLE_STRICT_OBJC_MSGSEND = YES;
				ENABLE_TESTABILITY = YES;
				GCC_C_LANGUAGE_STANDARD = gnu11;
				GCC_DYNAMIC_NO_PIC = NO;
				GCC_NO_COMMON_BLOCKS = YES;
				GCC_OPTIMIZATION_LEVEL = 0;
				GCC_PREPROCESSOR_DEFINITIONS = (
					"DEBUG=1",
					"$(inherited)",
				);
				GCC_WARN_64_TO_32_BIT_CONVERSION = YES;
				GCC_WARN_ABOUT_RETURN_TYPE = YES_ERROR;
				GCC_WARN_UNDECLARED_SELECTOR = YES;
				GCC_WARN_UNINITIALIZED_AUTOS = YES_AGGRESSIVE;
				GCC_WARN_UNUSED_FUNCTION = YES;
				GCC_WARN_UNUSED_VARIABLE = YES;
				IPHONEOS_DEPLOYMENT_TARGET = 14.5;
				MTL_ENABLE_DEBUG_INFO = INCLUDE_SOURCE;
				MTL_FAST_MATH = YES;
				ONLY_ACTIVE_ARCH = YES;
				SDKROOT = iphoneos;
				SWIFT_ACTIVE_COMPILATION_CONDITIONS = DEBUG;
				SWIFT_OPTIMIZATION_LEVEL = "-Onone";
			};
			name = Debug;
		};
		FD156B7626B5C30800F8D192 /* Release */ = {
			isa = XCBuildConfiguration;
			buildSettings = {
				ALWAYS_SEARCH_USER_PATHS = NO;
				CLANG_ANALYZER_NONNULL = YES;
				CLANG_ANALYZER_NUMBER_OBJECT_CONVERSION = YES_AGGRESSIVE;
				CLANG_CXX_LANGUAGE_STANDARD = "gnu++14";
				CLANG_CXX_LIBRARY = "libc++";
				CLANG_ENABLE_MODULES = YES;
				CLANG_ENABLE_OBJC_ARC = YES;
				CLANG_ENABLE_OBJC_WEAK = YES;
				CLANG_WARN_BLOCK_CAPTURE_AUTORELEASING = YES;
				CLANG_WARN_BOOL_CONVERSION = YES;
				CLANG_WARN_COMMA = YES;
				CLANG_WARN_CONSTANT_CONVERSION = YES;
				CLANG_WARN_DEPRECATED_OBJC_IMPLEMENTATIONS = YES;
				CLANG_WARN_DIRECT_OBJC_ISA_USAGE = YES_ERROR;
				CLANG_WARN_DOCUMENTATION_COMMENTS = YES;
				CLANG_WARN_EMPTY_BODY = YES;
				CLANG_WARN_ENUM_CONVERSION = YES;
				CLANG_WARN_INFINITE_RECURSION = YES;
				CLANG_WARN_INT_CONVERSION = YES;
				CLANG_WARN_NON_LITERAL_NULL_CONVERSION = YES;
				CLANG_WARN_OBJC_IMPLICIT_RETAIN_SELF = YES;
				CLANG_WARN_OBJC_LITERAL_CONVERSION = YES;
				CLANG_WARN_OBJC_ROOT_CLASS = YES_ERROR;
				CLANG_WARN_QUOTED_INCLUDE_IN_FRAMEWORK_HEADER = YES;
				CLANG_WARN_RANGE_LOOP_ANALYSIS = YES;
				CLANG_WARN_STRICT_PROTOTYPES = YES;
				CLANG_WARN_SUSPICIOUS_MOVE = YES;
				CLANG_WARN_UNGUARDED_AVAILABILITY = YES_AGGRESSIVE;
				CLANG_WARN_UNREACHABLE_CODE = YES;
				CLANG_WARN__DUPLICATE_METHOD_MATCH = YES;
				COPY_PHASE_STRIP = NO;
				DEBUG_INFORMATION_FORMAT = "dwarf-with-dsym";
				ENABLE_NS_ASSERTIONS = NO;
				ENABLE_STRICT_OBJC_MSGSEND = YES;
				GCC_C_LANGUAGE_STANDARD = gnu11;
				GCC_NO_COMMON_BLOCKS = YES;
				GCC_WARN_64_TO_32_BIT_CONVERSION = YES;
				GCC_WARN_ABOUT_RETURN_TYPE = YES_ERROR;
				GCC_WARN_UNDECLARED_SELECTOR = YES;
				GCC_WARN_UNINITIALIZED_AUTOS = YES_AGGRESSIVE;
				GCC_WARN_UNUSED_FUNCTION = YES;
				GCC_WARN_UNUSED_VARIABLE = YES;
				IPHONEOS_DEPLOYMENT_TARGET = 14.5;
				MTL_ENABLE_DEBUG_INFO = NO;
				MTL_FAST_MATH = YES;
				SDKROOT = iphoneos;
				SWIFT_COMPILATION_MODE = wholemodule;
				SWIFT_OPTIMIZATION_LEVEL = "-O";
				VALIDATE_PRODUCT = YES;
			};
			name = Release;
		};
		FD156B7826B5C30800F8D192 /* Debug */ = {
			isa = XCBuildConfiguration;
			buildSettings = {
				ASSETCATALOG_COMPILER_APPICON_NAME = AppIcon;
				ASSETCATALOG_COMPILER_GLOBAL_ACCENT_COLOR_NAME = AccentColor;
				CODE_SIGN_STYLE = Automatic;
				DEVELOPMENT_ASSET_PATHS = "\"iPod Classic Player/Preview Content\"";
				DEVELOPMENT_TEAM = QT27G5NN83;
				ENABLE_PREVIEWS = YES;
				INFOPLIST_FILE = "iPod Classic Player/Info.plist";
				IPHONEOS_DEPLOYMENT_TARGET = 14.0;
				LD_RUNPATH_SEARCH_PATHS = (
					"$(inherited)",
					"@executable_path/Frameworks",
				);
				PRODUCT_BUNDLE_IDENTIFIER = "com.IvonGames.ipod-classic-player";
				PRODUCT_NAME = "$(TARGET_NAME)";
				SWIFT_VERSION = 5.0;
				TARGETED_DEVICE_FAMILY = 1;
			};
			name = Debug;
		};
		FD156B7926B5C30800F8D192 /* Release */ = {
			isa = XCBuildConfiguration;
			buildSettings = {
				ASSETCATALOG_COMPILER_APPICON_NAME = AppIcon;
				ASSETCATALOG_COMPILER_GLOBAL_ACCENT_COLOR_NAME = AccentColor;
				CODE_SIGN_STYLE = Automatic;
				DEVELOPMENT_ASSET_PATHS = "\"iPod Classic Player/Preview Content\"";
				DEVELOPMENT_TEAM = QT27G5NN83;
				ENABLE_PREVIEWS = YES;
				INFOPLIST_FILE = "iPod Classic Player/Info.plist";
				IPHONEOS_DEPLOYMENT_TARGET = 14.0;
				LD_RUNPATH_SEARCH_PATHS = (
					"$(inherited)",
					"@executable_path/Frameworks",
				);
				PRODUCT_BUNDLE_IDENTIFIER = "com.IvonGames.ipod-classic-player";
				PRODUCT_NAME = "$(TARGET_NAME)";
				SWIFT_VERSION = 5.0;
				TARGETED_DEVICE_FAMILY = 1;
			};
			name = Release;
		};
/* End XCBuildConfiguration section */

/* Begin XCConfigurationList section */
		FD156B6326B5C30600F8D192 /* Build configuration list for PBXProject "iPod Classic Player" */ = {
			isa = XCConfigurationList;
			buildConfigurations = (
				FD156B7526B5C30800F8D192 /* Debug */,
				FD156B7626B5C30800F8D192 /* Release */,
			);
			defaultConfigurationIsVisible = 0;
			defaultConfigurationName = Release;
		};
		FD156B7726B5C30800F8D192 /* Build configuration list for PBXNativeTarget "iPod Classic Player" */ = {
			isa = XCConfigurationList;
			buildConfigurations = (
				FD156B7826B5C30800F8D192 /* Debug */,
				FD156B7926B5C30800F8D192 /* Release */,
			);
			defaultConfigurationIsVisible = 0;
			defaultConfigurationName = Release;
		};
/* End XCConfigurationList section */
	};
	rootObject = FD156B6026B5C30600F8D192 /* Project object */;
}
